
Microsoft Visual Studio Solution File, Format Version 11.00
# Visual Studio 2010
Project("{FAE04EC0-301F-11D3-BF4B-00C04F79EFBC}") = "OpenGloveVR", "Assembly-CSharp.csproj", "{D4149EC9-55AD-65CA-CD8A-9DA1CD3E03F3}"
EndProject
Project("{FAE04EC0-301F-11D3-BF4B-00C04F79EFBC}") = "OpenGloveVR", "Assembly-CSharp-Editor.csproj", "{FEB1A966-CE0C-6FCD-BEFD-98043A3F813C}"
EndProject
Global
	GlobalSection(SolutionConfigurationPlatforms) = preSolution
		Debug|Any CPU = Debug|Any CPU
		Release|Any CPU = Release|Any CPU
	EndGlobalSection
	GlobalSection(ProjectConfigurationPlatforms) = postSolution
		{D4149EC9-55AD-65CA-CD8A-9DA1CD3E03F3}.Debug|Any CPU.ActiveCfg = Debug|Any CPU
		{D4149EC9-55AD-65CA-CD8A-9DA1CD3E03F3}.Debug|Any CPU.Build.0 = Debug|Any CPU
		{D4149EC9-55AD-65CA-CD8A-9DA1CD3E03F3}.Release|Any CPU.ActiveCfg = Release|Any CPU
		{D4149EC9-55AD-65CA-CD8A-9DA1CD3E03F3}.Release|Any CPU.Build.0 = Release|Any CPU
		{FEB1A966-CE0C-6FCD-BEFD-98043A3F813C}.Debug|Any CPU.ActiveCfg = Debug|Any CPU
		{FEB1A966-CE0C-6FCD-BEFD-98043A3F813C}.Debug|Any CPU.Build.0 = Debug|Any CPU
		{FEB1A966-CE0C-6FCD-BEFD-98043A3F813C}.Release|Any CPU.ActiveCfg = Release|Any CPU
		{FEB1A966-CE0C-6FCD-BEFD-98043A3F813C}.Release|Any CPU.Build.0 = Release|Any CPU
	EndGlobalSection
	GlobalSection(SolutionProperties) = preSolution
		HideSolutionNode = FALSE
	EndGlobalSection
	GlobalSection(MonoDevelopProperties) = preSolution
		StartupItem = Assembly-CSharp.csproj
	EndGlobalSection
EndGlobal
